PODS:
  - BarcodeScanner (2.1.2)
  - BRYXBanner (0.7.3)
  - Eureka (2.0.1)
  - ImagePicker (2.0.0)
  - ImageRow (1.0.0):
    - Eureka (~> 2.0.0-beta.1)
  - PermissionScope (1.1.1)
  - Realm (2.10.2):
    - Realm/Headers (= 2.10.2)
  - Realm/Headers (2.10.2)
  - RealmLoginKit (0.1.2):
    - Realm
    - RealmLoginKit/Core (= 0.1.2)
    - TORoundedTableView
  - RealmLoginKit/Core (0.1.2):
    - Realm
    - TORoundedTableView
  - RealmSwift (2.10.2):
    - Realm (= 2.10.2)
  - TORoundedTableView (0.1.3)

DEPENDENCIES:
  - BarcodeScanner (~> 2.1.2)
  - BRYXBanner (~> 0.7.1)
  - Eureka (~> 2.0.0-beta.1)
  - ImagePicker (~> 2.0.0)
  - ImageRow (~> 1.0)
  - PermissionScope (from `https://github.com/nickoneill/PermissionScope.git`)
  - RealmLoginKit
  - RealmSwift

EXTERNAL SOURCES:
  PermissionScope:
    :git: https://github.com/nickoneill/PermissionScope.git

CHECKOUT OPTIONS:
  PermissionScope:
    :commit: 2638819d22efda1c3a335004bd977de587843831
    :git: https://github.com/nickoneill/PermissionScope.git

SPEC CHECKSUMS:
  BarcodeScanner: 84b6e5c75b7efad823381ee9bde846b13171a009
  BRYXBanner: bd26a91cb8a5826a8bc7687891043d287dd3ee53
  Eureka: ae837bb1dfae0c07bc1bda7aeef87876eeb537c2
  ImagePicker: 81175d36c2852cb543cb4f5d6c19e28f3e8d90eb
  ImageRow: 1e37db26f61a0c4ad3bc9a3a803c32d968782857
  PermissionScope: a30c16e015779ba27c97c124e7539e27b5829de2
  Realm: 0ef72b837fb67e9f4b098bac771ddd72c7fdbb69
  RealmLoginKit: ee1dcad4f3535ef65f4fa0b8e53c045ce0e0774e
  RealmSwift: 07a9ae0505091eda6b2ee7c190c3786d6e90a7b0
  TORoundedTableView: cd1437ef81ab3888dea8c06d2dfe4795bcaac768

PODFILE CHECKSUM: e39cebcaa912ecd40920567a140bae6fce481632

COCOAPODS: 1.2.1
